{
    "_meta": {
        "hash": {
            "sha256": "49cdfe594528b02b54cbcbf2339826507e29772a9b3646f318648445981df3a3"
        },
        "pipfile-spec": 6,
        "requires": {
            "python_version": "3.7"
        },
        "sources": [
            {
                "name": "pypi",
                "url": "https://pypi.python.org/simple",
                "verify_ssl": true
            }
        ]
    },
    "default": {
        "appdirs": {
            "hashes": [
                "sha256:9e5896d1372858f8dd3344faf4e5014d21849c756c8d5701f78f8a103b372d92",
                "sha256:d8b24664561d0d34ddfaec54636d502d7cea6e29c3eaf68f3df6180863e2166e"
            ],
            "version": "==1.4.3"
        },
        "asn1crypto": {
            "hashes": [
                "sha256:2f1adbb7546ed199e3c90ef23ec95c5cf3585bac7d11fb7eb562a3fe89c64e87",
                "sha256:9d5c20441baf0cb60a4ac34cc447c6c189024b6b4c6cd7877034f4965c464e49"
            ],
            "version": "==0.24.0"
        },
        "aspy.yaml": {
            "hashes": [
                "sha256:04d26279513618f1024e1aba46471db870b3b33aef204c2d09bcf93bea9ba13f",
                "sha256:0a77e23fafe7b242068ffc0252cee130d3e509040908fc678d9d1060e7494baa"
            ],
            "version": "==1.1.1"
        },
        "atomicwrites": {
            "hashes": [
                "sha256:0312ad34fcad8fac3704d441f7b317e50af620823353ec657a53e981f92920c0",
                "sha256:ec9ae8adaae229e4f8446952d204a3e4b5fdd2d099f9be3aaf556120135fb3ee"
            ],
            "markers": "python_version != '3.1.*' and python_version >= '2.7' and python_version != '3.0.*' and python_version != '3.2.*' and python_version != '3.3.*'",
            "version": "==1.2.1"
        },
        "attrs": {
            "hashes": [
                "sha256:10cbf6e27dbce8c30807caf056c8eb50917e0eaafe86347671b57254006c3e69",
                "sha256:ca4be454458f9dec299268d472aaa5a11f67a4ff70093396e1ceae9c76cf4bbb"
            ],
            "version": "==18.2.0"
        },
        "beautifulsoup4": {
            "hashes": [
                "sha256:194ec62a25438adcb3fdb06378b26559eda1ea8a747367d34c33cef9c7f48d57",
                "sha256:90f8e61121d6ae58362ce3bed8cd997efb00c914eae0ff3d363c32f9a9822d10",
                "sha256:f0abd31228055d698bb392a826528ea08ebb9959e6bea17c606fd9c9009db938"
            ],
            "version": "==4.6.3"
        },
        "black": {
            "hashes": [
                "sha256:22158b89c1a6b4eb333a1e65e791a3f8b998cf3b11ae094adb2570f31f769a44",
                "sha256:4b475bbd528acce094c503a3d2dbc2d05a4075f6d0ef7d9e7514518e14cc5191"
            ],
            "version": "==18.6b4"
        },
        "boto": {
            "hashes": [
                "sha256:147758d41ae7240dc989f0039f27da8ca0d53734be0eb869ef16e3adcfa462e8",
                "sha256:ea0d3b40a2d852767be77ca343b58a9e3a4b00d9db440efb8da74b4e58025e5a"
            ],
            "version": "==2.49.0"
        },
        "boto3": {
            "hashes": [
                "sha256:7b54cc29dde1d4833b082b8ef4062872297cf652ed20b2d485e1cae544c7cdad",
                "sha256:b181fb87661a4268174ba29cb5efbc9e728202f3f80e00356e8135ce50a3799b"
            ],
            "version": "==1.8.7"
        },
        "botocore": {
            "hashes": [
                "sha256:4d36cb3a0b6308eeb56f69b964b92b9f4609423b07a4979c298dba694a5a4bd6",
                "sha256:86d0bf23b5071c6a956ad2a1d5cd8d1d7c997e2c04151f7c8fff50779a8315d8"
            ],
            "version": "==1.11.7"
        },
        "bz2file": {
            "hashes": [
                "sha256:64c1f811e31556ba9931953c8ec7b397488726c63e09a4c67004f43bdd28da88"
            ],
            "version": "==0.98"
        },
        "cached-property": {
            "hashes": [
                "sha256:3a026f1a54135677e7da5ce819b0c690f156f37976f3e30c5430740725203d7f",
                "sha256:9217a59f14a5682da7c4b8829deadbfc194ac22e9908ccf7c8820234e80a1504"
            ],
            "version": "==1.5.1"
        },
        "certifi": {
            "hashes": [
                "sha256:376690d6f16d32f9d1fe8932551d80b23e9d393a8578c5633a2ed39a64861638",
                "sha256:456048c7e371c089d0a77a5212fb37a2c2dce1e24146e3b7e0261736aaeaa22a"
            ],
            "version": "==2018.8.24"
        },
        "cffi": {
            "hashes": [
                "sha256:151b7eefd035c56b2b2e1eb9963c90c6302dc15fbd8c1c0a83a163ff2c7d7743",
                "sha256:1553d1e99f035ace1c0544050622b7bc963374a00c467edafac50ad7bd276aef",
                "sha256:1b0493c091a1898f1136e3f4f991a784437fac3673780ff9de3bcf46c80b6b50",
                "sha256:2ba8a45822b7aee805ab49abfe7eec16b90587f7f26df20c71dd89e45a97076f",
                "sha256:3bb6bd7266598f318063e584378b8e27c67de998a43362e8fce664c54ee52d30",
                "sha256:3c85641778460581c42924384f5e68076d724ceac0f267d66c757f7535069c93",
                "sha256:3eb6434197633b7748cea30bf0ba9f66727cdce45117a712b29a443943733257",
                "sha256:495c5c2d43bf6cebe0178eb3e88f9c4aa48d8934aa6e3cddb865c058da76756b",
                "sha256:4c91af6e967c2015729d3e69c2e51d92f9898c330d6a851bf8f121236f3defd3",
                "sha256:57b2533356cb2d8fac1555815929f7f5f14d68ac77b085d2326b571310f34f6e",
                "sha256:770f3782b31f50b68627e22f91cb182c48c47c02eb405fd689472aa7b7aa16dc",
                "sha256:79f9b6f7c46ae1f8ded75f68cf8ad50e5729ed4d590c74840471fc2823457d04",
                "sha256:7a33145e04d44ce95bcd71e522b478d282ad0eafaf34fe1ec5bbd73e662f22b6",
                "sha256:857959354ae3a6fa3da6651b966d13b0a8bed6bbc87a0de7b38a549db1d2a359",
                "sha256:87f37fe5130574ff76c17cab61e7d2538a16f843bb7bca8ebbc4b12de3078596",
                "sha256:95d5251e4b5ca00061f9d9f3d6fe537247e145a8524ae9fd30a2f8fbce993b5b",
                "sha256:9d1d3e63a4afdc29bd76ce6aa9d58c771cd1599fbba8cf5057e7860b203710dd",
                "sha256:a36c5c154f9d42ec176e6e620cb0dd275744aa1d804786a71ac37dc3661a5e95",
                "sha256:a6a5cb8809091ec9ac03edde9304b3ad82ad4466333432b16d78ef40e0cce0d5",
                "sha256:ae5e35a2c189d397b91034642cb0eab0e346f776ec2eb44a49a459e6615d6e2e",
                "sha256:b0f7d4a3df8f06cf49f9f121bead236e328074de6449866515cea4907bbc63d6",
                "sha256:b75110fb114fa366b29a027d0c9be3709579602ae111ff61674d28c93606acca",
                "sha256:ba5e697569f84b13640c9e193170e89c13c6244c24400fc57e88724ef610cd31",
                "sha256:be2a9b390f77fd7676d80bc3cdc4f8edb940d8c198ed2d8c0be1319018c778e1",
                "sha256:ca1bd81f40adc59011f58159e4aa6445fc585a32bb8ac9badf7a2c1aa23822f2",
                "sha256:d5d8555d9bfc3f02385c1c37e9f998e2011f0db4f90e250e5bc0c0a85a813085",
                "sha256:e55e22ac0a30023426564b1059b035973ec82186ddddbac867078435801c7801",
                "sha256:e90f17980e6ab0f3c2f3730e56d1fe9bcba1891eeea58966e89d352492cc74f4",
                "sha256:ecbb7b01409e9b782df5ded849c178a0aa7c906cf8c5a67368047daab282b184",
                "sha256:ed01918d545a38998bfa5902c7c00e0fee90e957ce036a4000a88e3fe2264917",
                "sha256:edabd457cd23a02965166026fd9bfd196f4324fe6032e866d0f3bd0301cd486f",
                "sha256:fdf1c1dc5bafc32bc5d08b054f94d659422b05aba244d6be4ddc1c72d9aa70fb"
            ],
            "version": "==1.11.5"
        },
        "cfgv": {
            "hashes": [
                "sha256:73f48a752bd7aab103c4b882d6596c6360b7aa63b34073dd2c35c7b4b8f93010",
                "sha256:d1791caa9ff5c0c7bce80e7ecc1921752a2eb7c2463a08ed9b6c96b85a2f75aa"
            ],
            "version": "==1.1.0"
        },
        "chardet": {
            "hashes": [
                "sha256:84ab92ed1c4d4f16916e05906b6b75a6c0fb5db821cc65e70cbd64a3e2a5eaae",
                "sha256:fc323ffcaeaed0e0a02bf4d117757b98aed530d9ed4531e3e15460124c106691"
            ],
            "version": "==3.0.4"
        },
        "click": {
            "hashes": [
                "sha256:29f99fc6125fbc931b758dc053b3114e55c77a6e4c6c3a2674a2dc986016381d",
                "sha256:f15516df478d5a56180fbf80e68f206010e6d160fc39fa508b65e035fd75130b"
            ],
            "version": "==6.7"
        },
        "conllu": {
            "git": "https://github.com/frankier/conllu.git",
            "ref": "75a919294d64308e18fbf931a61f1ac4bac7a726"
        },
        "cryptography": {
            "hashes": [
                "sha256:02602e1672b62e803e08617ec286041cc453e8d43f093a5f4162095506bc0beb",
                "sha256:10b48e848e1edb93c1d3b797c83c72b4c387ab0eb4330aaa26da8049a6cbede0",
                "sha256:17db09db9d7c5de130023657be42689d1a5f60502a14f6f745f6f65a6b8195c0",
                "sha256:227da3a896df1106b1a69b1e319dce218fa04395e8cc78be7e31ca94c21254bc",
                "sha256:2cbaa03ac677db6c821dac3f4cdfd1461a32d0615847eedbb0df54bb7802e1f7",
                "sha256:31db8febfc768e4b4bd826750a70c79c99ea423f4697d1dab764eb9f9f849519",
                "sha256:4a510d268e55e2e067715d728e4ca6cd26a8e9f1f3d174faf88e6f2cb6b6c395",
                "sha256:6a88d9004310a198c474d8a822ee96a6dd6c01efe66facdf17cb692512ae5bc0",
                "sha256:76936ec70a9b72eb8c58314c38c55a0336a2b36de0c7ee8fb874a4547cadbd39",
                "sha256:7e3b4aecc4040928efa8a7cdaf074e868af32c58ffc9bb77e7bf2c1a16783286",
                "sha256:8168bcb08403ef144ff1fb880d416f49e2728101d02aaadfe9645883222c0aa5",
                "sha256:8229ceb79a1792823d87779959184a1bf95768e9248c93ae9f97c7a2f60376a1",
                "sha256:8a19e9f2fe69f6a44a5c156968d9fc8df56d09798d0c6a34ccc373bb186cee86",
                "sha256:8d10113ca826a4c29d5b85b2c4e045ffa8bad74fb525ee0eceb1d38d4c70dfd6",
                "sha256:be495b8ec5a939a7605274b6e59fbc35e76f5ad814ae010eb679529671c9e119",
                "sha256:dc2d3f3b1548f4d11786616cf0f4415e25b0fbecb8a1d2cd8c07568f13fdde38",
                "sha256:e4aecdd9d5a3d06c337894c9a6e2961898d3f64fe54ca920a72234a3de0f9cb3",
                "sha256:e79ab4485b99eacb2166f3212218dd858258f374855e1568f728462b0e6ee0d9",
                "sha256:f995d3667301e1754c57b04e0bae6f0fa9d710697a9f8d6712e8cca02550910f"
            ],
            "version": "==2.3.1"
        },
        "diskcache": {
            "hashes": [
                "sha256:15f0179c612dca07ff98beb4b15e98fc71809f6edd36320213f19ca42724cbf3",
                "sha256:8a1c503ff61a43c79c44fa40aa37c7257b293ff1641769b0752d888effb0db5c"
            ],
            "version": "==3.0.6"
        },
        "docutils": {
            "hashes": [
                "sha256:02aec4bd92ab067f6ff27a38a38a41173bf01bed8f89157768c1573f53e474a6",
                "sha256:51e64ef2ebfb29cae1faa133b3710143496eca21c530f3f71424d77687764274",
                "sha256:7a4bd47eaf6596e1295ecb11361139febe29b084a87bf005bf899f9a42edc3c6"
            ],
            "version": "==0.14"
        },
        "finntk": {
            "hashes": [
                "sha256:43aee2b9ab870b03beeee3f81fed1a7050d6f13fcff8828039fe0c73daf5a9c0",
                "sha256:8d4b669cd187e9c04dab2a2d6260967efb58ced24f0e69d26d8fb588e9506583"
            ],
            "markers": "python_version >= '2.7' and python_version != '3.1.*' and python_version != '3.0.*' and python_version != '3.2.*'",
            "version": "==0.0.18"
        },
        "flake8": {
            "hashes": [
                "sha256:7253265f7abd8b313e3892944044a365e3f4ac3fcdcfb4298f55ee9ddf188ba0",
                "sha256:c7841163e2b576d435799169b78703ad6ac1bbb0f199994fc05f700b2a90ea37"
            ],
            "version": "==3.5.0"
        },
        "gensim": {
            "hashes": [
                "sha256:05a9ebec24af4958e54ec0f73acaf7d8afca62eef04110bea6a2a76f60742d7f",
                "sha256:14a45a5cf6744aeea294cb72d1a5c62e5ad3df1f0b2ab85a3d1557f6ed74d874",
                "sha256:2f755eb30e673b77e67c484a431900ea5791a4a18f53d608f54469ed26ba40ef",
                "sha256:387f65aa697f45322965b34d56001ff45c4b83eb0f49211dff60aa655afa4c40",
                "sha256:3a85b540d10f3e578dcea70d9ca622cb101d1625d140be799a5e3521cb7fe485",
                "sha256:3b62f0855a92fe0d5bb20bbc590d5097096628d7f91b304563561f08ed41fa0c",
                "sha256:4183b90f4870cc59d55036bfb0b37855539a393ad0416cbd4064796b89796491",
                "sha256:78ed9b6ac35f104542f3bee0386d71ddf9432d74c153065d2ea9f6baf10e5b49",
                "sha256:81d15e80f37a37c62c8ee62e4af6a9bf4f03f76442ff2f686146df4f5b2a7d17",
                "sha256:8228bbf8fe76c2e4d40c973f3cd78fc8ae6cf34bdbd6e3feb6b6c65c5f81ad79",
                "sha256:85a609d97d880ee6c2b1784e77406be04c376327b7dee65e84940b8e51dcb670",
                "sha256:94148d49191c79f0ebe9dd4f2ff6d4eb4f45edc8cab45bd33414f9ebe0c8f331",
                "sha256:99f156858597ee0e947f859f2c4fc92745f19bf2d37d210d8acdcc74c0d33218",
                "sha256:9dc4d04db846c87005e82a7180efa6faebea0234dae8772b920ac585f3b0e629",
                "sha256:a3459dc845917cbb39c223914c10cbe4a01744c21e3da017cdf137eb13337341",
                "sha256:b0346c7d8958e27012bbf3475db68b3e3084d224a5ed76324b9d696733fecba0",
                "sha256:d230b81ff94803c4b2089efbc7f3850b5c65a35bd7bc2a2096fd5e9f108758b9",
                "sha256:d6f06eef5e3d1614a19dc85bc3f88aecb3b6370498bfbb1bb31cb6c3d7c24a87"
            ],
            "markers": "python_version >= '2.7' and python_version != '3.1.*' and python_version != '3.0.*' and python_version != '3.2.*'",
            "version": "==3.5.0"
        },
        "heapdict": {
            "hashes": [
                "sha256:40c9e3680616cfdf942f77429a3a9e0a76f31ce965d62f4ffbe63a83a5ef1b5a"
            ],
            "version": "==1.0.0"
        },
        "identify": {
            "hashes": [
                "sha256:49845e70fc6b1ec3694ab930a2c558912d7de24548eebcd448f65567dc757c43",
                "sha256:68daab16a3db364fa204591f97dc40bfffd1a7739f27788a4895b4d8fd3516e5"
            ],
            "version": "==1.1.4"
        },
        "idna": {
            "hashes": [
                "sha256:156a6814fb5ac1fc6850fb002e0852d56c0c8d2531923a51032d1b70760e186e",
                "sha256:684a38a6f903c1d71d6d5fac066b58d7768af4de2b832e426ec79c30daa94a16"
            ],
            "version": "==2.7"
        },
        "jmespath": {
            "hashes": [
                "sha256:6a81d4c9aa62caf061cb517b4d9ad1dd300374cd4706997aff9cd6aedd61fc64",
                "sha256:f11b4461f425740a1d908e9a3f7365c3d2e569f6ca68a2ff8bc5bcd9676edd63"
            ],
            "version": "==0.9.3"
        },
        "langcodes": {
            "hashes": [
                "sha256:22cff103b6c0f3c9907d9a51c2d634177a50a189672ad16d959a3e2cd48eadab"
            ],
            "markers": "python_version >= '2.7' and python_version != '3.0.*' and python_version != '3.3.*' and python_version != '3.1.*' and python_version != '3.2.*'",
            "version": "==1.4.1"
        },
        "lxml": {
            "hashes": [
                "sha256:0cf1eca0652c4409e0655e04b840d6d85b7eb18718f5fba3862acad5500e3480",
                "sha256:10624ef1b468252309f269b13af4f837e3a82be366b5f3e49b0e83f1ad66205f",
                "sha256:1259e374da3a575615fe402e0966c5894bae3d2e229c2239ba4ebf2bb020c4b6",
                "sha256:26bb748af1ead0097eb8272b8a06f15a0015b8f312eef772a95f223a16e7de56",
                "sha256:27d0b13bcfcf2f6a5664e64fc3d684c76db1cdba5a5761795d154063559e0b59",
                "sha256:2b013fdabcbc21bc2770437099b921ec290235752b5baaac7a601f75094a378d",
                "sha256:2e469ea2c0b722b9b393187649e7d126c537a68512fc92a676fe86e57050c2a9",
                "sha256:37f7c2cdf513a0ea239c1609681880fb2f0073de0d2996e0ae9a7f0ef15d8b95",
                "sha256:68c6afc7a4411db2df28307e2493c945cb3d887e8f431b81811c1ea6ba087b8b",
                "sha256:73fe3452fc02c0b418914f842f897bdad0f1184368d8d9c315294ff7b94946f2",
                "sha256:7584d83d7315f641510e5f97f4d636ea225fd76e3f8aee965b2e8c93a8169b4d",
                "sha256:76e3ec6b26b1198dd5e6e20539d8360dcd3b224cd80cadba9307b790fda79161",
                "sha256:8288a889cbaa446e5fa168837456e63098b91953c89e5857968a5091b337cdca",
                "sha256:ad9e1fee284dec97b74cd88e925eca1575145598c974243cfb5e859f406adc32",
                "sha256:b360c3769cf0fd7d82577e40e37d4caf693f67744d0d61d11d66b5c31eaccf7a",
                "sha256:c4aaf320284a2713428163bae0e7df0db3b489237ab4830179210a12d56d3068",
                "sha256:c530274e43b0f376cd94e8e0a3e6ea28de1739ec4326689bdbf626e172d2e614",
                "sha256:ca4e79294fd0f3f9e0e5a4c309df84b5f2abc62349bfaf2aaf8965e5108ef8e2",
                "sha256:ce2dc5a104e885abbd48d0cc92ae74afa1d685ee65d6e3497067207d6a26e177",
                "sha256:d295cac30d3e13e82473081ea7df2a11352b5625cb54187fcd5a8be5d9ebf315",
                "sha256:d498338b39c4757ba88bdc705b3a0647d18554856cd2d394ac3bb919ac890c9d",
                "sha256:d537f8e613074805e17039e345edaa822534f66f07d315c89cff9824aa996d65",
                "sha256:df8ba3f52ef59a553b0e94593ea526c34faa4f531c1ab7f5ca7f392bc770c9e3",
                "sha256:e2553800d2d461a2dc329682d0a9068f238ec11d763e5454c61c4df7a0346ed2",
                "sha256:e2afbe403090f5893e254958d02875e0732975e73c4c0cdd33c1f009a61963ca",
                "sha256:e740efa625883f3c4de20c7e1411228d7ce2ab47b9e874a703f6681ec0558a30",
                "sha256:ec7864b62da0f5ae44973351247f2250a25b9b544fc6aff8bd6a75da1156cc70",
                "sha256:f26ddab491b10279b7e8e3fdcbaaaba3ab282fbaecfa48a19874dfc4d53b9d4f",
                "sha256:f6a16681f30918521066ddcc4ba79c1e033c9837dd94f78f5a9f6110e7572185",
                "sha256:f968623ac9b81a6253d4bbbe3f4d1e6be5f33707f397b566935783511bfa281a"
            ],
            "version": "==4.2.4"
        },
        "marisa-trie": {
            "hashes": [
                "sha256:4419abb6b603c97e863fad994abe57ed247fb12491f4bbacb2d762bd2e8958b6",
                "sha256:c73bc25d868e8c4ea7aa7f1e19892db07bba2463351269b05340ccfa06eb2baf"
            ],
            "markers": "python_version >= '2.7' and python_version != '3.0.*' and python_version != '3.3.*' and python_version != '3.1.*' and python_version != '3.2.*'",
            "version": "==0.7.5"
        },
        "mccabe": {
            "hashes": [
                "sha256:ab8a6258860da4b6677da4bd2fe5dc2c659cff31b3ee4f7f5d64e79735b80d42",
                "sha256:dd8d182285a0fe56bace7f45b5e7d1a6ebcbf524e8f3bd87eb0f125271b8831f"
            ],
            "version": "==0.6.1"
        },
        "more-itertools": {
            "hashes": [
                "sha256:c187a73da93e7a8acc0001572aebc7e3c69daf7bf6881a2cea10650bd4420092",
                "sha256:c476b5d3a34e12d40130bc2f935028b5f636df8f372dc2c1c01dc19681b2039e",
                "sha256:fcbfeaea0be121980e15bc97b3817b5202ca73d0eae185b4550cbfce2a3ebb3d"
            ],
            "version": "==4.3.0"
        },
        "msgpack": {
            "hashes": [
                "sha256:0b3b1773d2693c70598585a34ca2715873ba899565f0a7c9a1545baef7e7fbdc",
                "sha256:0bae5d1538c5c6a75642f75a1781f3ac2275d744a92af1a453c150da3446138b",
                "sha256:0ee8c8c85aa651be3aa0cd005b5931769eaa658c948ce79428766f1bd46ae2c3",
                "sha256:1369f9edba9500c7a6489b70fdfac773e925342f4531f1e3d4c20ac3173b1ae0",
                "sha256:22d9c929d1d539f37da3d1b0e16270fa9d46107beab8c0d4d2bddffffe895cee",
                "sha256:2ff43e3247a1e11d544017bb26f580a68306cec7a6257d8818893c1fda665f42",
                "sha256:31a98047355d34d047fcdb55b09cb19f633cf214c705a765bd745456c142130c",
                "sha256:8767eb0032732c3a0da92cbec5ac186ef89a3258c6edca09161472ca0206c45f",
                "sha256:8acc8910218555044e23826980b950e96685dc48124a290c86f6f41a296ea172",
                "sha256:ab189a6365be1860a5ecf8159c248f12d33f79ea799ae9695fa6a29896dcf1d4",
                "sha256:cfd6535feb0f1cf1c7cdb25773e965cc9f92928244a8c3ef6f8f8a8e1f7ae5c4",
                "sha256:e274cd4480d8c76ec467a85a9c6635bbf2258f0649040560382ab58cabb44bcf",
                "sha256:f86642d60dca13e93260187d56c2bef2487aa4d574a669e8ceefcf9f4c26fd00",
                "sha256:f8a57cbda46a94ed0db55b73e6ab0c15e78b4ede8690fa491a0e55128d552bb0",
                "sha256:fcea97a352416afcbccd7af9625159d80704a25c519c251c734527329bb20d0e"
            ],
            "version": "==0.5.6"
        },
        "mypy": {
            "hashes": [
                "sha256:673ea75fb750289b7d1da1331c125dc62fc1c3a8db9129bb372ae7b7d5bf300a",
                "sha256:c770605a579fdd4a014e9f0a34b6c7a36ce69b08100ff728e96e27445cef3b3c"
            ],
            "version": "==0.620"
        },
        "nltk": {
            "editable": true,
            "git": "https://github.com/nltk/nltk",
            "ref": "e1b3fda3768288ba96309dd92fd1ee7943cc43f9"
        },
        "nodeenv": {
            "hashes": [
                "sha256:aa040ab5189bae17d272175609010be6c5b589ec4b8dbd832cc50c9e9cb7496f"
            ],
            "version": "==1.3.2"
        },
        "numpy": {
            "hashes": [
                "sha256:1c362ad12dd09a43b348bb28dd2295dd9cdf77f41f0f45965e04ba97f525b864",
                "sha256:2156a06bd407918df4ac0122df6497a9c137432118f585e5b17d543e593d1587",
                "sha256:24e4149c38489b51fc774b1e1faa9103e82f73344d7a00ba66f6845ab4769f3f",
                "sha256:340ec1697d9bb3a9c464028af7a54245298502e91178bddb4c37626d36e197b7",
                "sha256:35db8d419345caa4eeaa65cd63f34a15208acd87530a30f0bc25fc84f55c8c80",
                "sha256:361370e9b7f5e44c41eee29f2bb5cb3b755abb4b038bce6d6cbe08db7ff9cb74",
                "sha256:36e8dcd1813ca92ce7e4299120cee6c03adad33d89b54862c1b1a100443ac399",
                "sha256:378378973546ecc1dfaf9e24c160d683dd04df871ecd2dcc86ce658ca20f92c0",
                "sha256:419e6faee16097124ee627ed31572c7e80a1070efa25260b78097cca240e219a",
                "sha256:4287104c24e6a09b9b418761a1e7b1bbde65105f110690ca46a23600a3c606b8",
                "sha256:549f3e9778b148a47f4fb4682955ed88057eb627c9fe5467f33507c536deda9d",
                "sha256:5e359e9c531075220785603e5966eef20ccae9b3b6b8a06fdfb66c084361ce92",
                "sha256:5ee7f3dbbdba0da75dec7e94bd7a2b10fe57a83e1b38e678200a6ad8e7b14fdc",
                "sha256:62d55e96ec7b117d3d5e618c15efcf769e70a6effaee5842857b64fb4883887a",
                "sha256:719b6789acb2bc86ea9b33a701d7c43dc2fc56d95107fd3c5b0a8230164d4dfb",
                "sha256:7a70f2b60d48828cba94a54a8776b61a9c2657a803d47f5785f8062e3a9c7c55",
                "sha256:7b9e37f194f8bcdca8e9e6af92e2cbad79e360542effc2dd6b98d63955d8d8a3",
                "sha256:83b8fc18261b70f45bece2d392537c93dc81eb6c539a16c9ac994c47fc79f09a",
                "sha256:9473ad28375710ab18378e72b59422399b27e957e9339c413bf00793b4b12df0",
                "sha256:95b085b253080e5d09f7826f5e27dce067bae813a132023a77b739614a29de6e",
                "sha256:98b86c62c08c2e5dc98a9c856d4a95329d11b1c6058cb9b5191d5ea6891acd09",
                "sha256:a3bd01d6d3ed3d7c06d7f9979ba5d68281f15383fafd53b81aa44b9191047cf8",
                "sha256:c81a6afc1d2531a9ada50b58f8c36197f8418ef3d0611d4c1d7af93fdcda764f",
                "sha256:ce75ed495a746e3e78cfa22a77096b3bff2eda995616cb7a542047f233091268",
                "sha256:dae8618c0bcbfcf6cf91350f8abcdd84158323711566a8c5892b5c7f832af76f",
                "sha256:df0b02c6705c5d1c25cc35c7b5d6b6f9b3b30833f9d178843397ae55ecc2eebb",
                "sha256:e3660744cda0d94b90141cdd0db9308b958a372cfeee8d7188fdf5ad9108ea82",
                "sha256:f2362d0ca3e16c37782c1054d7972b8ad2729169567e3f0f4e5dd3cdf85f188e"
            ],
            "markers": "python_version >= '2.7' and python_version != '3.0.*' and python_version != '3.3.*' and python_version != '3.1.*' and python_version != '3.2.*'",
            "version": "==1.15.1"
        },
        "opencc": {
            "hashes": [
                "sha256:bfca25fb46add057454075ba4c4dfed51c19c09944a960e3920ac22ba24097e2",
                "sha256:c845abfcd6936ea110ff19de0da85e5ed99953cb03836be975bd0d5b163618e1"
            ],
            "version": "==0.2"
        },
        "opus-api": {
            "hashes": [
                "sha256:43c43c75eb43b8a3c82e45e21c52649c97a8cb8917e1e46e299ab0a47ea79352",
                "sha256:694fe267962984a05f452bce83f49cd8ca8b14d8445cefedb7b81d0c016d4f40"
            ],
            "version": "==0.6.2"
        },
        "pluggy": {
            "hashes": [
                "sha256:6e3836e39f4d36ae72840833db137f7b7d35105079aee6ec4a62d9f80d594dd1",
                "sha256:95eb8364a4708392bae89035f45341871286a333f749c3141c20573d2b3876e1"
            ],
            "markers": "python_version != '3.1.*' and python_version >= '2.7' and python_version != '3.0.*' and python_version != '3.2.*' and python_version != '3.3.*'",
            "version": "==0.7.1"
        },
        "plumbum": {
            "hashes": [
                "sha256:d143f079bfb60b11e9bec09a49695ce2e55ce5ca0246877bdb0818ab7c7fc312",
                "sha256:df96a5facf621db4a6d682bdc93afa5ed6b107a8667c73c3f0a0f0fab4217c81"
            ],
            "version": "==1.6.7"
        },
        "portalocker": {
            "hashes": [
                "sha256:3f2a56d3d90e2ac5659ee744336e6953c0050bb61fccb97090a03de5c2a4db9f",
                "sha256:95ec72fd36c230b92634dcffde65686e585a9a8569b9ba806dff41f56e255fbf"
            ],
            "version": "==1.2.1"
        },
        "pre-commit": {
            "hashes": [
                "sha256:18ef2892ff6b6518945bc7dcf423e3c969033a4ca132b6a1ae0d52eb2e51ea27",
                "sha256:88d59872610a7069d937b6868632ba534187bda58c4665de12b25c8c549ddd0e"
            ],
            "version": "==1.11.0"
        },
        "py": {
            "hashes": [
                "sha256:06a30435d058473046be836d3fc4f27167fd84c45b99704f2fb5509ef61f9af1",
                "sha256:50402e9d1c9005d759426988a492e0edaadb7f4e68bcddfea586bc7432d009c6"
            ],
            "markers": "python_version != '3.1.*' and python_version >= '2.7' and python_version != '3.0.*' and python_version != '3.2.*' and python_version != '3.3.*'",
            "version": "==1.6.0"
        },
        "pyahocorasick": {
            "hashes": [
                "sha256:3d584e7836ca7b066f99d7fdb384dc6ef7af211b2b139baedbd960c7c279bb7f"
            ],
            "version": "==1.1.8"
        },
        "pycodestyle": {
            "hashes": [
                "sha256:682256a5b318149ca0d2a9185d365d8864a768a28db66a84a2ea946bcc426766",
                "sha256:6c4245ade1edfad79c3446fadfc96b0de2759662dc29d07d80a6f27ad1ca6ba9"
            ],
            "version": "==2.3.1"
        },
        "pycparser": {
            "hashes": [
                "sha256:99a8ca03e29851d96616ad0404b4aad7d9ee16f25c9f9708a11faf2810f7b226"
            ],
            "version": "==2.18"
        },
        "pyflakes": {
            "hashes": [
                "sha256:08bd6a50edf8cffa9fa09a463063c425ecaaf10d1eb0335a7e8b1401aef89e6f",
                "sha256:8d616a382f243dbf19b54743f280b80198be0bca3a5396f1d2e1fca6223e8805"
            ],
            "version": "==1.6.0"
        },
        "pygtrie": {
            "hashes": [
                "sha256:28261896d9fea0439d5ee521403812b444c041036d2335b86dbf9c9c2ec1a703"
            ],
            "version": "==2.3"
        },
        "pytest": {
            "hashes": [
                "sha256:2d7c49e931316cc7d1638a3e5f54f5d7b4e5225972b3c9838f3584788d27f349",
                "sha256:ad0c7db7b5d4081631e0155f5c61b80ad76ce148551aaafe3a718d65a7508b18"
            ],
            "version": "==3.7.4"
        },
        "python-dateutil": {
            "hashes": [
                "sha256:1adb80e7a782c12e52ef9a8182bebeb73f1d7e24e374397af06fb4956c8dc5c0",
                "sha256:e27001de32f627c22380a688bcc43ce83504a7bc5da472209b4c70f02829f0b8"
            ],
            "markers": "python_version >= '2.7'",
            "version": "==2.7.3"
        },
        "pyyaml": {
            "hashes": [
                "sha256:254bf6fda2b7c651837acb2c718e213df29d531eebf00edb54743d10bcb694eb",
                "sha256:3108529b78577327d15eec243f0ff348a0640b0c3478d67ad7f5648f93bac3e2",
                "sha256:3c17fb92c8ba2f525e4b5f7941d850e7a48c3a59b32d331e2502a3cdc6648e76",
                "sha256:8d6d96001aa7f0a6a4a95e8143225b5d06e41b1131044913fecb8f85a125714b",
                "sha256:c8a88edd93ee29ede719080b2be6cb2333dfee1dccba213b422a9c8e97f2967b"
            ],
            "version": "==4.2b4"
        },
        "regex": {
            "hashes": [
                "sha256:1b428a296531ea1642a7da48562746309c5c06471a97bd0c02dd6a82e9cecee8",
                "sha256:27d72bb42dffb32516c28d218bb054ce128afd3e18464f30837166346758af67",
                "sha256:32cf4743debee9ea12d3626ee21eae83052763740e04086304e7a74778bf58c9",
                "sha256:32f6408dbca35040bc65f9f4ae1444d5546411fde989cb71443a182dd643305e",
                "sha256:333687d9a44738c486735955993f83bd22061a416c48f5a5f9e765e90cf1b0c9",
                "sha256:35eeccf17af3b017a54d754e160af597036435c58eceae60f1dd1364ae1250c7",
                "sha256:361a1fd703a35580a4714ec28d85e29780081a4c399a99bbfb2aee695d72aedb",
                "sha256:494bed6396a20d3aa6376bdf2d3fbb1005b8f4339558d8ac7b53256755f80303",
                "sha256:5b9c0ddd5b4afa08c9074170a2ea9b34ea296e32aeea522faaaaeeeb2fe0af2e",
                "sha256:a50532f61b23d4ab9d216a6214f359dd05c911c1a1ad20986b6738a782926c1a",
                "sha256:a9243d7b359b72c681a2c32eaa7ace8d346b7e8ce09d172a683acf6853161d9c",
                "sha256:b44624a38d07d3c954c84ad302c29f7930f4bf01443beef5589e9157b14e2a29",
                "sha256:be42a601aaaeb7a317f818490a39d153952a97c40c6e9beeb2a1103616405348",
                "sha256:eee4d94b1a626490fc8170ffd788883f8c641b576e11ba9b4a29c9f6623371e0",
                "sha256:f69d1201a4750f763971ea8364ed95ee888fc128968b39d38883a72a4d005895"
            ],
            "version": "==2018.2.21"
        },
        "requests": {
            "hashes": [
                "sha256:63b52e3c866428a224f97cab011de738c36aec0185aa91cfacd418b5d58911d1",
                "sha256:ec22d826a36ed72a7358ff3fe56cbd4ba69dd7a6718ffd450ff0e9df7a47ce6a"
            ],
            "version": "==2.19.1"
        },
        "s3transfer": {
            "hashes": [
                "sha256:90dc18e028989c609146e241ea153250be451e05ecc0c2832565231dacdf59c1",
                "sha256:c7a9ec356982d5e9ab2d4b46391a7d6a950e2b04c472419f5fdec70cc0ada72f"
            ],
            "version": "==0.1.13"
        },
        "scikit-learn": {
            "hashes": [
                "sha256:0aa0ac9a47459f5a5f078b345e56b15cf7a3126ecddbd5c22dfbe3f898884f90",
                "sha256:10543e70ab8500deb2e21e8ffddba83680585dc8346b773acec8fbbcf4d7f878",
                "sha256:131c09fe20e25db4262d54279513950c9dee1c7ad45564404a753e588014b970",
                "sha256:1829ebc8d86285429e310db61c0d3d3983756f2d13373e6d446c115c926c937d",
                "sha256:31f6fc497e01de726488828e312606ff87bf19cba54f51a731852f1ef4113242",
                "sha256:3c94c99e9411c54850077e576a7fe9a4443b061a1a11b66a506be51ca9083b5b",
                "sha256:605380170c080f620bcd34c6e8489bd721cfa8c478854b092c9505076d069d42",
                "sha256:64301ce9014b8082c0eae4636edb49381e9d5357a3a39ed80151453ed0f8b519",
                "sha256:68c2e5df3cc3f681b15271325016d3fc1ba23c65b1361da0d764606050002397",
                "sha256:72ece165f2262a262e702e51a06b661fb86f3d30c20fa20f09f0f30097656244",
                "sha256:760292b61931d36963df3c3657b0292da3f348974235e0af55cd09c5db0c1280",
                "sha256:7a15dfaae603bc78632d0bb2809bb781b67461f689dc92da9bca44551dd011cf",
                "sha256:7cb3c857ffcb349795947f2938969ced4271ac72bdbece55c00a0817392c2d15",
                "sha256:83946e287749e9ddf853fc188d624e2c9280e88ce7cbb3b0d71980483e022fab",
                "sha256:85a93c849344a1acf63a9ec3f97c4a4067497daf63ca985e7244d75a185c11a6",
                "sha256:9f83e5353fbde280c0e8302f4b78fe3795f36be67ad02ff4ceb84d6e7d3001fa",
                "sha256:a0c8c06582b01b7b8c568a426483e09e47ca91dce585e7d4b78c66bab5f19d4f",
                "sha256:a9b2d9329a6802a38461b7ff81d9de9c218e18835ff7a196dcf93d85937f7d24",
                "sha256:ac45ae4963e2a5119e2d88f1e8e5cbfac43851c6aa9f6477d5bd452e9dcd97f4",
                "sha256:b5baee191ff940f4d536d370f1481a1819dbc5b9443e2e28593922979fac9aaf",
                "sha256:b723f603169d86f4cac8ed47453ab5cb07db46ea31a103960f6bacc4c7605634",
                "sha256:b9158ba32ba8d97f747ab40f29f6df7088b70d0aaea7763b4a88f9ef8ede198c",
                "sha256:ce00d619768594b7d0013c3f5a8405236df8730474479324de0328e73c812536",
                "sha256:db85a112e187409ee464675f6d3703f5a81b26dc30e155929a950f85c672335c",
                "sha256:df0ea014e791dcec8b55def33189dc000a3d6b635a10739317fea058a427e634",
                "sha256:f0454968f13611972feefc0d3f86ffc59cee98e3c2f545f2abae7f338a74f7ee",
                "sha256:f4119d45b770703cd86f7f7b1fd5416415cd5ff089f3e88b417ab016749f5f3d",
                "sha256:f575e6572db703a94418cd8e880f131a62b8767f298d531eaf38e98be8abfe9a"
            ],
            "markers": "python_version != '3.1.*' and python_version >= '2.7' and python_version != '3.0.*' and python_version != '3.2.*' and python_version != '3.3.*'",
            "version": "==0.20rc1"
        },
        "scipy": {
            "hashes": [
                "sha256:0611ee97296265af4a21164a5323f8c1b4e8e15c582d3dfa7610825900136bb7",
                "sha256:08237eda23fd8e4e54838258b124f1cd141379a5f281b0a234ca99b38918c07a",
                "sha256:0e645dbfc03f279e1946cf07c9c754c2a1859cb4a41c5f70b25f6b3a586b6dbd",
                "sha256:0e9bb7efe5f051ea7212555b290e784b82f21ffd0f655405ac4f87e288b730b3",
                "sha256:108c16640849e5827e7d51023efb3bd79244098c3f21e4897a1007720cb7ce37",
                "sha256:340ef70f5b0f4e2b4b43c8c8061165911bc6b2ad16f8de85d9774545e2c47463",
                "sha256:3ad73dfc6f82e494195144bd3a129c7241e761179b7cb5c07b9a0ede99c686f3",
                "sha256:3b243c77a822cd034dad53058d7c2abf80062aa6f4a32e9799c95d6391558631",
                "sha256:404a00314e85eca9d46b80929571b938e97a143b4f2ddc2b2b3c91a4c4ead9c5",
                "sha256:423b3ff76957d29d1cce1bc0d62ebaf9a3fdfaf62344e3fdec14619bb7b5ad3a",
                "sha256:42d9149a2fff7affdd352d157fa5717033767857c11bd55aa4a519a44343dfef",
                "sha256:625f25a6b7d795e8830cb70439453c9f163e6870e710ec99eba5722775b318f3",
                "sha256:698c6409da58686f2df3d6f815491fd5b4c2de6817a45379517c92366eea208f",
                "sha256:729f8f8363d32cebcb946de278324ab43d28096f36593be6281ca1ee86ce6559",
                "sha256:8190770146a4c8ed5d330d5b5ad1c76251c63349d25c96b3094875b930c44692",
                "sha256:878352408424dffaa695ffedf2f9f92844e116686923ed9aa8626fc30d32cfd1",
                "sha256:8b984f0821577d889f3c7ca8445564175fb4ac7c7f9659b7c60bef95b2b70e76",
                "sha256:8f841bbc21d3dad2111a94c490fb0a591b8612ffea86b8e5571746ae76a3deac",
                "sha256:c22b27371b3866c92796e5d7907e914f0e58a36d3222c5d436ddd3f0e354227a",
                "sha256:d0cdd5658b49a722783b8b4f61a6f1f9c75042d0e29a30ccb6cacc9b25f6d9e2",
                "sha256:d40dc7f494b06dcee0d303e51a00451b2da6119acbeaccf8369f2d29e28917ac",
                "sha256:d8491d4784aceb1f100ddb8e31239c54e4afab8d607928a9f7ef2469ec35ae01",
                "sha256:dfc5080c38dde3f43d8fbb9c0539a7839683475226cf83e4b24363b227dfe552",
                "sha256:e24e22c8d98d3c704bb3410bce9b69e122a8de487ad3dbfe9985d154e5c03a40",
                "sha256:e7a01e53163818d56eabddcafdc2090e9daba178aad05516b20c6591c4811020",
                "sha256:ee677635393414930541a096fc8e61634304bb0153e4e02b75685b11eba14cae",
                "sha256:f0521af1b722265d824d6ad055acfe9bd3341765735c44b5a4d0069e189a0f40",
                "sha256:f25c281f12c0da726c6ed00535ca5d1622ec755c30a3f8eafef26cf43fede694"
            ],
            "markers": "python_version >= '2.7' and python_version != '3.0.*' and python_version != '3.3.*' and python_version != '3.1.*' and python_version != '3.2.*'",
            "version": "==1.1.0"
        },
        "selenium": {
            "hashes": [
                "sha256:c53d13a2627d835fee3d1d6291214c62196dfeb6f5f35572bacf31ac60c030c0",
                "sha256:f9ca21919b564a0a86012cd2177923e3a7f37c4a574207086e710192452a7c40"
            ],
            "markers": "python_version != '3.0.*' and python_version < '4' and python_version != '3.3.*' and python_version != '3.1.*' and python_version != '3.2.*' and python_version >= '2.6'",
            "version": "==3.14.0"
        },
        "singledispatch": {
            "hashes": [
                "sha256:5b06af87df13818d14f08a028e42f566640aef80805c3b50c5056b086e3c2b9c",
                "sha256:833b46966687b3de7f438c761ac475213e53b306740f1abfaa86e1d1aae56aa8"
            ],
            "version": "==3.4.0.3"
        },
        "six": {
            "hashes": [
                "sha256:70e8a77beed4562e7f14fe23a786b54f6296e34344c23bc42f07b15018ff98e9",
                "sha256:832dc0e10feb1aa2c68dcc57dbb658f1c7e65b9b61af69048abc87a2db00a0eb"
            ],
            "version": "==1.11.0"
        },
        "smart-open": {
            "hashes": [
                "sha256:c2c2b44125a03d6e96efdf3e53e28be99e1f548e8a4fa8035f8fab448bbdbbda"
            ],
            "version": "==1.6.0"
        },
        "stiff": {
            "editable": true,
            "extras": [
                "dev"
            ],
            "path": "."
        },
        "streamz": {
            "hashes": [
                "sha256:6c59be1d09c0b666eb32548b6e6e6252ec460593e55859780b3e982a27cdb324",
                "sha256:89c9f10aadebad218878a150782ec030997eaf5a02afb555a5e7f994160af27d"
            ],
            "version": "==0.3.0"
        },
        "toml": {
            "hashes": [
                "sha256:8e86bd6ce8cc11b9620cb637466453d94f5d57ad86f17e98a98d1f73e3baab2d"
            ],
            "version": "==0.9.4"
        },
        "toolz": {
            "hashes": [
                "sha256:929f0a7ea7f61c178bd951bdae93920515d3fbdbafc8e6caf82d752b9b3b31c9"
            ],
            "version": "==0.9.0"
        },
        "tornado": {
            "hashes": [
                "sha256:1c0816fc32b7d31b98781bd8ebc7a9726d7dce67407dc353a2e66e697e138448",
                "sha256:4f66a2172cb947387193ca4c2c3e19131f1c70fa8be470ddbbd9317fd0801582",
                "sha256:5327ba1a6c694e0149e7d9126426b3704b1d9d520852a3e4aa9fc8fe989e4046",
                "sha256:6a7e8657618268bb007646b9eae7661d0b57f13efc94faa33cd2588eae5912c9",
                "sha256:a9b14804783a1d77c0bd6c66f7a9b1196cbddfbdf8bceb64683c5ae60bd1ec6f",
                "sha256:c58757e37c4a3172949c99099d4d5106e4d7b63aa0617f9bb24bfbff712c7866",
                "sha256:d8984742ce86c0855cccecd5c6f54a9f7532c983947cff06f3a0e2115b47f85c"
            ],
            "markers": "python_version >= '2.7' and python_version != '3.0.*' and python_version != '3.3.*' and python_version != '3.1.*' and python_version != '3.2.*'",
            "version": "==5.1"
        },
        "typed-ast": {
            "hashes": [
                "sha256:0948004fa228ae071054f5208840a1e88747a357ec1101c17217bfe99b299d58",
                "sha256:10703d3cec8dcd9eef5a630a04056bbc898abc19bac5691612acba7d1325b66d",
                "sha256:1f6c4bd0bdc0f14246fd41262df7dfc018d65bb05f6e16390b7ea26ca454a291",
                "sha256:25d8feefe27eb0303b73545416b13d108c6067b846b543738a25ff304824ed9a",
                "sha256:29464a177d56e4e055b5f7b629935af7f49c196be47528cc94e0a7bf83fbc2b9",
                "sha256:2e214b72168ea0275efd6c884b114ab42e316de3ffa125b267e732ed2abda892",
                "sha256:3e0d5e48e3a23e9a4d1a9f698e32a542a4a288c871d33ed8df1b092a40f3a0f9",
                "sha256:519425deca5c2b2bdac49f77b2c5625781abbaf9a809d727d3a5596b30bb4ded",
                "sha256:57fe287f0cdd9ceaf69e7b71a2e94a24b5d268b35df251a88fef5cc241bf73aa",
                "sha256:668d0cec391d9aed1c6a388b0d5b97cd22e6073eaa5fbaa6d2946603b4871efe",
                "sha256:68ba70684990f59497680ff90d18e756a47bf4863c604098f10de9716b2c0bdd",
                "sha256:6de012d2b166fe7a4cdf505eee3aaa12192f7ba365beeefaca4ec10e31241a85",
                "sha256:79b91ebe5a28d349b6d0d323023350133e927b4de5b651a8aa2db69c761420c6",
                "sha256:8550177fa5d4c1f09b5e5f524411c44633c80ec69b24e0e98906dd761941ca46",
                "sha256:898f818399cafcdb93cbbe15fc83a33d05f18e29fb498ddc09b0214cdfc7cd51",
                "sha256:94b091dc0f19291adcb279a108f5d38de2430411068b219f41b343c03b28fb1f",
                "sha256:a26863198902cda15ab4503991e8cf1ca874219e0118cbf07c126bce7c4db129",
                "sha256:a8034021801bc0440f2e027c354b4eafd95891b573e12ff0418dec385c76785c",
                "sha256:bc978ac17468fe868ee589c795d06777f75496b1ed576d308002c8a5756fb9ea",
                "sha256:c05b41bc1deade9f90ddc5d988fe506208019ebba9f2578c622516fd201f5863",
                "sha256:c9b060bd1e5a26ab6e8267fd46fc9e02b54eb15fffb16d112d4c7b1c12987559",
                "sha256:edb04bdd45bfd76c8292c4d9654568efaedf76fe78eb246dde69bdb13b2dad87",
                "sha256:f19f2a4f547505fe9072e15f6f4ae714af51b5a681a97f187971f50c283193b6"
            ],
            "version": "==1.1.0"
        },
        "urllib3": {
            "hashes": [
                "sha256:a68ac5e15e76e7e5dd2b8f94007233e01effe3e50e8daddf69acfd81cb686baf",
                "sha256:b5725a0bd4ba422ab0e66e89e030c806576753ea3ee08554382c14e685d117b5"
            ],
            "markers": "python_version != '3.0.*' and python_version < '4' and python_version != '3.3.*' and python_version != '3.1.*' and python_version != '3.2.*' and python_version >= '2.6'",
            "version": "==1.23"
        },
        "virtualenv": {
            "hashes": [
                "sha256:2ce32cd126117ce2c539f0134eb89de91a8413a29baac49cbab3eb50e2026669",
                "sha256:ca07b4c0b54e14a91af9f34d0919790b016923d157afda5efdde55c96718f752"
            ],
            "markers": "python_version != '3.0.*' and python_version != '3.2.*' and python_version >= '2.7' and python_version != '3.1.*'",
            "version": "==16.0.0"
        },
        "wordfreq": {
            "hashes": [
                "sha256:29fc02ee145f243ea7facc52c737603bf67c18f3c8c8e0e0d7066037e12539a1"
            ],
            "markers": "python_version >= '2.7' and python_version != '3.0.*' and python_version != '3.3.*' and python_version != '3.1.*' and python_version != '3.2.*'",
            "version": "==2.2.0"
        },
        "zict": {
            "hashes": [
                "sha256:63377f063086fc92e5c16e4d02162c571f6470b9e796cf3411ef9e815c96b799",
                "sha256:c7fbbd9d93f9bb8f2dd85c680fa74abcb7d399d20a1640c2382a567eb5dc15e5"
            ],
            "version": "==0.1.3"
        }
    },
    "develop": {}
}
